<?xml version="1.0" encoding="utf-8"?>
<Project ToolsVersion="4.0" xmlns="http://schemas.microsoft.com/developer/msbuild/2003">
  <ItemGroup>
    <Filter Include="qubit">
      <UniqueIdentifier>{4AA83D10-B6BC-65C1-7F3E-0921EB1162F2}</UniqueIdentifier>
    </Filter>
    <Filter Include="qubit\core">
      <UniqueIdentifier>{02172F51-EECE-709E-57D6-49FA43AD0B8F}</UniqueIdentifier>
    </Filter>
  </ItemGroup>
  <ItemGroup>
    <ClInclude Include="src\Qubit.h" />
    <ClInclude Include="src\qubit\core\App.h">
      <Filter>qubit\core</Filter>
    </ClInclude>
    <ClInclude Include="src\qubit\core\Logger.h">
      <Filter>qubit\core</Filter>
    </ClInclude>
    <ClInclude Include="src\qubit\core\QubitCore.h">
      <Filter>qubit\core</Filter>
    </ClInclude>
  </ItemGroup>
  <ItemGroup>
    <ClCompile Include="src\qubit\core\App.cpp">
      <Filter>qubit\core</Filter>
    </ClCompile>
    <ClCompile Include="src\qubit\core\Logger.cpp">
      <Filter>qubit\core</Filter>
    </ClCompile>
  </ItemGroup>
</Project>